
Microsoft Visual Studio Solution File, Format Version 12.00
# Visual Studio Version 16
VisualStudioVersion = 16.0.30503.244
MinimumVisualStudioVersion = 10.0.40219.1
Project("{9A19103F-16F7-4668-BE54-9A1E7A4F7556}") = "BlazingPizza.Server", "BlazingPizza\Server\BlazingPizza.Server.csproj", "{A480081A-4059-4EA0-8270-1CAC79B0C91C}"
EndProject
Project("{9A19103F-16F7-4668-BE54-9A1E7A4F7556}") = "BlazingPizza.Client", "BlazingPizza\Client\BlazingPizza.Client.csproj", "{F4F15980-AB73-408A-8FBA-1A17C99D48D7}"
EndProject
Project("{9A19103F-16F7-4668-BE54-9A1E7A4F7556}") = "BlazingPizza.Shared", "BlazingPizza\Shared\BlazingPizza.Shared.csproj", "{54D84C82-8D01-4C2F-B587-FF0AC8368D36}"
EndProject
Project("{9A19103F-16F7-4668-BE54-9A1E7A4F7556}") = "BlazingPizza.ComponentsLibrary", "BlazingPizza.ComponentsLibrary\BlazingPizza.ComponentsLibrary.csproj", "{2DD01806-5EFA-4F4C-B482-0CBB5DBF618D}"
EndProject
Global
	GlobalSection(SolutionConfigurationPlatforms) = preSolution
		Debug|Any CPU = Debug|Any CPU
		Release|Any CPU = Release|Any CPU
	EndGlobalSection
	GlobalSection(ProjectConfigurationPlatforms) = postSolution
		{A480081A-4059-4EA0-8270-1CAC79B0C91C}.Debug|Any CPU.ActiveCfg = Debug|Any CPU
		{A480081A-4059-4EA0-8270-1CAC79B0C91C}.Debug|Any CPU.Build.0 = Debug|Any CPU
		{A480081A-4059-4EA0-8270-1CAC79B0C91C}.Release|Any CPU.ActiveCfg = Release|Any CPU
		{A480081A-4059-4EA0-8270-1CAC79B0C91C}.Release|Any CPU.Build.0 = Release|Any CPU
		{F4F15980-AB73-408A-8FBA-1A17C99D48D7}.Debug|Any CPU.ActiveCfg = Debug|Any CPU
		{F4F15980-AB73-408A-8FBA-1A17C99D48D7}.Debug|Any CPU.Build.0 = Debug|Any CPU
		{F4F15980-AB73-408A-8FBA-1A17C99D48D7}.Release|Any CPU.ActiveCfg = Release|Any CPU
		{F4F15980-AB73-408A-8FBA-1A17C99D48D7}.Release|Any CPU.Build.0 = Release|Any CPU
		{54D84C82-8D01-4C2F-B587-FF0AC8368D36}.Debug|Any CPU.ActiveCfg = Debug|Any CPU
		{54D84C82-8D01-4C2F-B587-FF0AC8368D36}.Debug|Any CPU.Build.0 = Debug|Any CPU
		{54D84C82-8D01-4C2F-B587-FF0AC8368D36}.Release|Any CPU.ActiveCfg = Release|Any CPU
		{54D84C82-8D01-4C2F-B587-FF0AC8368D36}.Release|Any CPU.Build.0 = Release|Any CPU
		{2DD01806-5EFA-4F4C-B482-0CBB5DBF618D}.Debug|Any CPU.ActiveCfg = Debug|Any CPU
		{2DD01806-5EFA-4F4C-B482-0CBB5DBF618D}.Debug|Any CPU.Build.0 = Debug|Any CPU
		{2DD01806-5EFA-4F4C-B482-0CBB5DBF618D}.Release|Any CPU.ActiveCfg = Release|Any CPU
		{2DD01806-5EFA-4F4C-B482-0CBB5DBF618D}.Release|Any CPU.Build.0 = Release|Any CPU
	EndGlobalSection
	GlobalSection(SolutionProperties) = preSolution
		HideSolutionNode = FALSE
	EndGlobalSection
	GlobalSection(ExtensibilityGlobals) = postSolution
		SolutionGuid = {5C9EC73D-3388-49E4-B01E-9BAEF46D85EB}
	EndGlobalSection
EndGlobal
